
Microsoft Visual Studio Solution File, Format Version 12.00
# Visual Studio 2013
VisualStudioVersion = 12.0.40629.0
MinimumVisualStudioVersion = 10.0.40219.1
Project("{8BC9CEB8-8B4A-11D0-8D11-00A0C91BC942}") = "List_PrintListFromTailToHead", "..\printListFromTailToHead\printListFromTailToHead.vcxproj", "{2238F342-2C3C-437E-9E49-46C416232693}"
EndProject
Project("{8BC9CEB8-8B4A-11D0-8D11-00A0C91BC942}") = "Tree_ReconstructBinaryTree", "..\reConstructBinaryTree\reConstructBinaryTree.vcxproj", "{7A3C1D93-92B4-439D-A54D-21AE877959A3}"
EndProject
Project("{8BC9CEB8-8B4A-11D0-8D11-00A0C91BC942}") = "Array_MinNumberInRotateArray", "..\minNumberInRotateArray\minNumberInRotateArray.vcxproj", "{8864FA82-EAB1-400C-B5A7-0C1F836FCE16}"
EndProject
Project("{8BC9CEB8-8B4A-11D0-8D11-00A0C91BC942}") = "Tree_TreeDepth", "..\TreeDepth\TreeDepth.vcxproj", "{90719C6D-F57F-4F8B-9E97-E2B8C71FED6B}"
EndProject
Project("{8BC9CEB8-8B4A-11D0-8D11-00A0C91BC942}") = "Tree_IsBalanceTree", "Tree_IsBalanceTree\Tree_IsBalanceTree.vcxproj", "{5578CCE9-E64A-4AA5-BE9C-DADBFFBB19BA}"
EndProject
Project("{8BC9CEB8-8B4A-11D0-8D11-00A0C91BC942}") = "Array_FindNumsAppearOnce", "Array_FindNumsAppearOnce\Array_FindNumsAppearOnce.vcxproj", "{315F5A4D-0407-4FC5-BFCA-77BB5D5ED3E8}"
EndProject
Project("{8BC9CEB8-8B4A-11D0-8D11-00A0C91BC942}") = "DiguiAndXunhuan_Fibonacci", "DiguiAndXunhuan_Fibonacci\DiguiAndXunhuan_Fibonacci.vcxproj", "{26F23356-D378-46B1-9D05-E1568FB3C2A5}"
EndProject
Project("{8BC9CEB8-8B4A-11D0-8D11-00A0C91BC942}") = "DiguiAndXunhuan_JumpFloor", "DiguiAndXunhuan_JumpFloor\DiguiAndXunhuan_JumpFloor.vcxproj", "{EC21CFB7-BE06-4929-8219-B86D06058699}"
EndProject
Project("{8BC9CEB8-8B4A-11D0-8D11-00A0C91BC942}") = "DiguiAndXunhuan_JumpFloorII", "DiguiAndXunhuan_JumpFloorII\DiguiAndXunhuan_JumpFloorII.vcxproj", "{D0C81410-EAE4-44C8-A976-E802D0C10FEF}"
EndProject
Project("{8BC9CEB8-8B4A-11D0-8D11-00A0C91BC942}") = "DiguiAndXunhuan_rectCover", "DiguiAndXunhuan_rectCover\DiguiAndXunhuan_rectCover.vcxproj", "{65E40DB4-6971-4EE5-93D3-E6AB436086FF}"
EndProject
Project("{8BC9CEB8-8B4A-11D0-8D11-00A0C91BC942}") = "String_ReplaceSpace", "String_ReplaceSpace\String_ReplaceSpace.vcxproj", "{C38CBE75-4BF4-4123-91C6-A540CFE614E8}"
EndProject
Project("{8BC9CEB8-8B4A-11D0-8D11-00A0C91BC942}") = "String_FirstAppearingOnce", "String_FirstAppearingOnce\String_FirstAppearingOnce.vcxproj", "{3006BA96-A373-45F4-AB68-A6C1FD5A78C2}"
EndProject
Project("{8BC9CEB8-8B4A-11D0-8D11-00A0C91BC942}") = "String_isNumeric", "String_isNumeric\String_isNumeric.vcxproj", "{B8461CF1-2B89-455B-AA6E-44BA12644333}"
EndProject
Project("{8BC9CEB8-8B4A-11D0-8D11-00A0C91BC942}") = "Array_Duplicate", "Array_Duplicate\Array_Duplicate.vcxproj", "{E029FB29-6651-4775-B646-2AF4C2A34DED}"
EndProject
Project("{8BC9CEB8-8B4A-11D0-8D11-00A0C91BC942}") = "Array_Multiply", "Array_Multiply\Array_Multiply.vcxproj", "{A5618CD7-3379-4776-8A8D-E205B2B1067C}"
EndProject
Project("{8BC9CEB8-8B4A-11D0-8D11-00A0C91BC942}") = "DaimaWanzhengxing_Power", "DaimaWanzhengxing_Power\DaimaWanzhengxing_Power.vcxproj", "{00B25107-382D-4820-81BD-744092F2F0B8}"
EndProject
Project("{2150E333-8FDC-42A3-9474-1A3956D46DE8}") = "代码完整性", "代码完整性", "{43D9FF40-36DE-439F-A96D-21A6407CB099}"
EndProject
Project("{2150E333-8FDC-42A3-9474-1A3956D46DE8}") = "递归和循环", "递归和循环", "{244B128D-1314-47AC-874D-4F947F164A23}"
EndProject
Project("{8BC9CEB8-8B4A-11D0-8D11-00A0C91BC942}") = "reOrderArray", "reOrderArray\reOrderArray.vcxproj", "{33DD8FFB-9311-47E5-B5DA-935D9D8A32CA}"
EndProject
Project("{2150E333-8FDC-42A3-9474-1A3956D46DE8}") = "数组", "数组", "{321CDFD3-2FA3-42A1-9858-02F1774AFC26}"
EndProject
Project("{2150E333-8FDC-42A3-9474-1A3956D46DE8}") = "链表List", "链表List", "{80757C55-D493-45BB-8A67-CF982FBB74C1}"
EndProject
Project("{2150E333-8FDC-42A3-9474-1A3956D46DE8}") = "树", "树", "{331D91ED-DACE-4FB9-B9EB-89D19282B13F}"
EndProject
Project("{2150E333-8FDC-42A3-9474-1A3956D46DE8}") = "字符串", "字符串", "{205CEBB5-5A7C-4F81-906A-021EF1F14E10}"
EndProject
Project("{2150E333-8FDC-42A3-9474-1A3956D46DE8}") = "代码鲁棒性", "代码鲁棒性", "{DC1BA35B-E0F8-4D19-873D-FA77C31DA92F}"
EndProject
Project("{8BC9CEB8-8B4A-11D0-8D11-00A0C91BC942}") = "FindKthToTail", "FindKthToTail\FindKthToTail.vcxproj", "{97CE374D-8912-49E7-AD30-5517A78348DB}"
EndProject
Project("{8BC9CEB8-8B4A-11D0-8D11-00A0C91BC942}") = "ReverseList", "ReverseList\ReverseList.vcxproj", "{1F541EC2-760C-4B6F-B1CA-5BB8318B6324}"
EndProject
Project("{8BC9CEB8-8B4A-11D0-8D11-00A0C91BC942}") = "MergeTwoSortedLists", "MergeTwoSortedLists\MergeTwoSortedLists.vcxproj", "{F7194869-0AF0-4DC7-B410-6A5A929B3D23}"
EndProject
Project("{8BC9CEB8-8B4A-11D0-8D11-00A0C91BC942}") = "HasSubtree", "HasSubtree\HasSubtree.vcxproj", "{8821F516-7E3E-43C0-8D1F-7D35CEB1F7A7}"
EndProject
Project("{8BC9CEB8-8B4A-11D0-8D11-00A0C91BC942}") = "GetNextNode", "GetNextNode\GetNextNode.vcxproj", "{847F6279-2081-4113-BF99-52AFBF1D5C9C}"
EndProject
Project("{8BC9CEB8-8B4A-11D0-8D11-00A0C91BC942}") = "IsSymmetrical", "IsSymmetrical\IsSymmetrical.vcxproj", "{030B6AE9-A1F4-4942-AB11-68708EB5C0A9}"
EndProject
Project("{8BC9CEB8-8B4A-11D0-8D11-00A0C91BC942}") = "ZigZagPrint", "ZigZagPrint\ZigZagPrint.vcxproj", "{DFC7FCB7-8465-4AFA-B21B-F35D3D384DA3}"
EndProject
Project("{8BC9CEB8-8B4A-11D0-8D11-00A0C91BC942}") = "PrintByLevel", "PrintByLevel\PrintByLevel.vcxproj", "{9C3842BC-E862-41C3-89D9-5F26F7EB2A15}"
EndProject
Project("{8BC9CEB8-8B4A-11D0-8D11-00A0C91BC942}") = "SerializeAndDeserialize", "SerializeAndDeserialize\SerializeAndDeserialize.vcxproj", "{10D30B34-EDA0-43A8-8726-5E76279FD337}"
EndProject
Project("{8BC9CEB8-8B4A-11D0-8D11-00A0C91BC942}") = "KthNode", "KthNode\KthNode.vcxproj", "{DE35AB82-994D-4613-84C3-15E3B1855626}"
EndProject
Project("{2150E333-8FDC-42A3-9474-1A3956D46DE8}") = "时间效率", "时间效率", "{5F9B9CDD-D604-45AE-860E-209E5C3E6436}"
EndProject
Project("{8BC9CEB8-8B4A-11D0-8D11-00A0C91BC942}") = "MoreThanHalfNum", "MoreThanHalfNum\MoreThanHalfNum.vcxproj", "{6A514D8B-2EF8-419C-964D-8007B863B3EE}"
EndProject
Project("{8BC9CEB8-8B4A-11D0-8D11-00A0C91BC942}") = "GetLeastNumbers", "GetLeastNumbers\GetLeastNumbers.vcxproj", "{A7839461-B97A-49A8-8A62-8722EBBD24DC}"
EndProject
Global
	GlobalSection(SolutionConfigurationPlatforms) = preSolution
		Debug|Win32 = Debug|Win32
		Release|Win32 = Release|Win32
	EndGlobalSection
	GlobalSection(ProjectConfigurationPlatforms) = postSolution
		{2238F342-2C3C-437E-9E49-46C416232693}.Debug|Win32.ActiveCfg = Debug|Win32
		{2238F342-2C3C-437E-9E49-46C416232693}.Debug|Win32.Build.0 = Debug|Win32
		{2238F342-2C3C-437E-9E49-46C416232693}.Release|Win32.ActiveCfg = Release|Win32
		{2238F342-2C3C-437E-9E49-46C416232693}.Release|Win32.Build.0 = Release|Win32
		{7A3C1D93-92B4-439D-A54D-21AE877959A3}.Debug|Win32.ActiveCfg = Debug|Win32
		{7A3C1D93-92B4-439D-A54D-21AE877959A3}.Debug|Win32.Build.0 = Debug|Win32
		{7A3C1D93-92B4-439D-A54D-21AE877959A3}.Release|Win32.ActiveCfg = Release|Win32
		{7A3C1D93-92B4-439D-A54D-21AE877959A3}.Release|Win32.Build.0 = Release|Win32
		{8864FA82-EAB1-400C-B5A7-0C1F836FCE16}.Debug|Win32.ActiveCfg = Debug|Win32
		{8864FA82-EAB1-400C-B5A7-0C1F836FCE16}.Debug|Win32.Build.0 = Debug|Win32
		{8864FA82-EAB1-400C-B5A7-0C1F836FCE16}.Release|Win32.ActiveCfg = Release|Win32
		{8864FA82-EAB1-400C-B5A7-0C1F836FCE16}.Release|Win32.Build.0 = Release|Win32
		{90719C6D-F57F-4F8B-9E97-E2B8C71FED6B}.Debug|Win32.ActiveCfg = Debug|Win32
		{90719C6D-F57F-4F8B-9E97-E2B8C71FED6B}.Debug|Win32.Build.0 = Debug|Win32
		{90719C6D-F57F-4F8B-9E97-E2B8C71FED6B}.Release|Win32.ActiveCfg = Release|Win32
		{90719C6D-F57F-4F8B-9E97-E2B8C71FED6B}.Release|Win32.Build.0 = Release|Win32
		{5578CCE9-E64A-4AA5-BE9C-DADBFFBB19BA}.Debug|Win32.ActiveCfg = Debug|Win32
		{5578CCE9-E64A-4AA5-BE9C-DADBFFBB19BA}.Debug|Win32.Build.0 = Debug|Win32
		{5578CCE9-E64A-4AA5-BE9C-DADBFFBB19BA}.Release|Win32.ActiveCfg = Release|Win32
		{5578CCE9-E64A-4AA5-BE9C-DADBFFBB19BA}.Release|Win32.Build.0 = Release|Win32
		{315F5A4D-0407-4FC5-BFCA-77BB5D5ED3E8}.Debug|Win32.ActiveCfg = Debug|Win32
		{315F5A4D-0407-4FC5-BFCA-77BB5D5ED3E8}.Debug|Win32.Build.0 = Debug|Win32
		{315F5A4D-0407-4FC5-BFCA-77BB5D5ED3E8}.Release|Win32.ActiveCfg = Release|Win32
		{315F5A4D-0407-4FC5-BFCA-77BB5D5ED3E8}.Release|Win32.Build.0 = Release|Win32
		{26F23356-D378-46B1-9D05-E1568FB3C2A5}.Debug|Win32.ActiveCfg = Debug|Win32
		{26F23356-D378-46B1-9D05-E1568FB3C2A5}.Debug|Win32.Build.0 = Debug|Win32
		{26F23356-D378-46B1-9D05-E1568FB3C2A5}.Release|Win32.ActiveCfg = Release|Win32
		{26F23356-D378-46B1-9D05-E1568FB3C2A5}.Release|Win32.Build.0 = Release|Win32
		{EC21CFB7-BE06-4929-8219-B86D06058699}.Debug|Win32.ActiveCfg = Debug|Win32
		{EC21CFB7-BE06-4929-8219-B86D06058699}.Debug|Win32.Build.0 = Debug|Win32
		{EC21CFB7-BE06-4929-8219-B86D06058699}.Release|Win32.ActiveCfg = Release|Win32
		{EC21CFB7-BE06-4929-8219-B86D06058699}.Release|Win32.Build.0 = Release|Win32
		{D0C81410-EAE4-44C8-A976-E802D0C10FEF}.Debug|Win32.ActiveCfg = Debug|Win32
		{D0C81410-EAE4-44C8-A976-E802D0C10FEF}.Debug|Win32.Build.0 = Debug|Win32
		{D0C81410-EAE4-44C8-A976-E802D0C10FEF}.Release|Win32.ActiveCfg = Release|Win32
		{D0C81410-EAE4-44C8-A976-E802D0C10FEF}.Release|Win32.Build.0 = Release|Win32
		{65E40DB4-6971-4EE5-93D3-E6AB436086FF}.Debug|Win32.ActiveCfg = Debug|Win32
		{65E40DB4-6971-4EE5-93D3-E6AB436086FF}.Debug|Win32.Build.0 = Debug|Win32
		{65E40DB4-6971-4EE5-93D3-E6AB436086FF}.Release|Win32.ActiveCfg = Release|Win32
		{65E40DB4-6971-4EE5-93D3-E6AB436086FF}.Release|Win32.Build.0 = Release|Win32
		{C38CBE75-4BF4-4123-91C6-A540CFE614E8}.Debug|Win32.ActiveCfg = Debug|Win32
		{C38CBE75-4BF4-4123-91C6-A540CFE614E8}.Debug|Win32.Build.0 = Debug|Win32
		{C38CBE75-4BF4-4123-91C6-A540CFE614E8}.Release|Win32.ActiveCfg = Release|Win32
		{C38CBE75-4BF4-4123-91C6-A540CFE614E8}.Release|Win32.Build.0 = Release|Win32
		{3006BA96-A373-45F4-AB68-A6C1FD5A78C2}.Debug|Win32.ActiveCfg = Debug|Win32
		{3006BA96-A373-45F4-AB68-A6C1FD5A78C2}.Debug|Win32.Build.0 = Debug|Win32
		{3006BA96-A373-45F4-AB68-A6C1FD5A78C2}.Release|Win32.ActiveCfg = Release|Win32
		{3006BA96-A373-45F4-AB68-A6C1FD5A78C2}.Release|Win32.Build.0 = Release|Win32
		{B8461CF1-2B89-455B-AA6E-44BA12644333}.Debug|Win32.ActiveCfg = Debug|Win32
		{B8461CF1-2B89-455B-AA6E-44BA12644333}.Debug|Win32.Build.0 = Debug|Win32
		{B8461CF1-2B89-455B-AA6E-44BA12644333}.Release|Win32.ActiveCfg = Release|Win32
		{B8461CF1-2B89-455B-AA6E-44BA12644333}.Release|Win32.Build.0 = Release|Win32
		{E029FB29-6651-4775-B646-2AF4C2A34DED}.Debug|Win32.ActiveCfg = Debug|Win32
		{E029FB29-6651-4775-B646-2AF4C2A34DED}.Debug|Win32.Build.0 = Debug|Win32
		{E029FB29-6651-4775-B646-2AF4C2A34DED}.Release|Win32.ActiveCfg = Release|Win32
		{E029FB29-6651-4775-B646-2AF4C2A34DED}.Release|Win32.Build.0 = Release|Win32
		{A5618CD7-3379-4776-8A8D-E205B2B1067C}.Debug|Win32.ActiveCfg = Debug|Win32
		{A5618CD7-3379-4776-8A8D-E205B2B1067C}.Debug|Win32.Build.0 = Debug|Win32
		{A5618CD7-3379-4776-8A8D-E205B2B1067C}.Release|Win32.ActiveCfg = Release|Win32
		{A5618CD7-3379-4776-8A8D-E205B2B1067C}.Release|Win32.Build.0 = Release|Win32
		{00B25107-382D-4820-81BD-744092F2F0B8}.Debug|Win32.ActiveCfg = Debug|Win32
		{00B25107-382D-4820-81BD-744092F2F0B8}.Debug|Win32.Build.0 = Debug|Win32
		{00B25107-382D-4820-81BD-744092F2F0B8}.Release|Win32.ActiveCfg = Release|Win32
		{00B25107-382D-4820-81BD-744092F2F0B8}.Release|Win32.Build.0 = Release|Win32
		{33DD8FFB-9311-47E5-B5DA-935D9D8A32CA}.Debug|Win32.ActiveCfg = Debug|Win32
		{33DD8FFB-9311-47E5-B5DA-935D9D8A32CA}.Debug|Win32.Build.0 = Debug|Win32
		{33DD8FFB-9311-47E5-B5DA-935D9D8A32CA}.Release|Win32.ActiveCfg = Release|Win32
		{33DD8FFB-9311-47E5-B5DA-935D9D8A32CA}.Release|Win32.Build.0 = Release|Win32
		{97CE374D-8912-49E7-AD30-5517A78348DB}.Debug|Win32.ActiveCfg = Debug|Win32
		{97CE374D-8912-49E7-AD30-5517A78348DB}.Debug|Win32.Build.0 = Debug|Win32
		{97CE374D-8912-49E7-AD30-5517A78348DB}.Release|Win32.ActiveCfg = Release|Win32
		{97CE374D-8912-49E7-AD30-5517A78348DB}.Release|Win32.Build.0 = Release|Win32
		{1F541EC2-760C-4B6F-B1CA-5BB8318B6324}.Debug|Win32.ActiveCfg = Debug|Win32
		{1F541EC2-760C-4B6F-B1CA-5BB8318B6324}.Debug|Win32.Build.0 = Debug|Win32
		{1F541EC2-760C-4B6F-B1CA-5BB8318B6324}.Release|Win32.ActiveCfg = Release|Win32
		{1F541EC2-760C-4B6F-B1CA-5BB8318B6324}.Release|Win32.Build.0 = Release|Win32
		{F7194869-0AF0-4DC7-B410-6A5A929B3D23}.Debug|Win32.ActiveCfg = Debug|Win32
		{F7194869-0AF0-4DC7-B410-6A5A929B3D23}.Debug|Win32.Build.0 = Debug|Win32
		{F7194869-0AF0-4DC7-B410-6A5A929B3D23}.Release|Win32.ActiveCfg = Release|Win32
		{F7194869-0AF0-4DC7-B410-6A5A929B3D23}.Release|Win32.Build.0 = Release|Win32
		{8821F516-7E3E-43C0-8D1F-7D35CEB1F7A7}.Debug|Win32.ActiveCfg = Debug|Win32
		{8821F516-7E3E-43C0-8D1F-7D35CEB1F7A7}.Debug|Win32.Build.0 = Debug|Win32
		{8821F516-7E3E-43C0-8D1F-7D35CEB1F7A7}.Release|Win32.ActiveCfg = Release|Win32
		{8821F516-7E3E-43C0-8D1F-7D35CEB1F7A7}.Release|Win32.Build.0 = Release|Win32
		{847F6279-2081-4113-BF99-52AFBF1D5C9C}.Debug|Win32.ActiveCfg = Debug|Win32
		{847F6279-2081-4113-BF99-52AFBF1D5C9C}.Debug|Win32.Build.0 = Debug|Win32
		{847F6279-2081-4113-BF99-52AFBF1D5C9C}.Release|Win32.ActiveCfg = Release|Win32
		{847F6279-2081-4113-BF99-52AFBF1D5C9C}.Release|Win32.Build.0 = Release|Win32
		{030B6AE9-A1F4-4942-AB11-68708EB5C0A9}.Debug|Win32.ActiveCfg = Debug|Win32
		{030B6AE9-A1F4-4942-AB11-68708EB5C0A9}.Debug|Win32.Build.0 = Debug|Win32
		{030B6AE9-A1F4-4942-AB11-68708EB5C0A9}.Release|Win32.ActiveCfg = Release|Win32
		{030B6AE9-A1F4-4942-AB11-68708EB5C0A9}.Release|Win32.Build.0 = Release|Win32
		{DFC7FCB7-8465-4AFA-B21B-F35D3D384DA3}.Debug|Win32.ActiveCfg = Debug|Win32
		{DFC7FCB7-8465-4AFA-B21B-F35D3D384DA3}.Debug|Win32.Build.0 = Debug|Win32
		{DFC7FCB7-8465-4AFA-B21B-F35D3D384DA3}.Release|Win32.ActiveCfg = Release|Win32
		{DFC7FCB7-8465-4AFA-B21B-F35D3D384DA3}.Release|Win32.Build.0 = Release|Win32
		{9C3842BC-E862-41C3-89D9-5F26F7EB2A15}.Debug|Win32.ActiveCfg = Debug|Win32
		{9C3842BC-E862-41C3-89D9-5F26F7EB2A15}.Debug|Win32.Build.0 = Debug|Win32
		{9C3842BC-E862-41C3-89D9-5F26F7EB2A15}.Release|Win32.ActiveCfg = Release|Win32
		{9C3842BC-E862-41C3-89D9-5F26F7EB2A15}.Release|Win32.Build.0 = Release|Win32
		{10D30B34-EDA0-43A8-8726-5E76279FD337}.Debug|Win32.ActiveCfg = Debug|Win32
		{10D30B34-EDA0-43A8-8726-5E76279FD337}.Debug|Win32.Build.0 = Debug|Win32
		{10D30B34-EDA0-43A8-8726-5E76279FD337}.Release|Win32.ActiveCfg = Release|Win32
		{10D30B34-EDA0-43A8-8726-5E76279FD337}.Release|Win32.Build.0 = Release|Win32
		{DE35AB82-994D-4613-84C3-15E3B1855626}.Debug|Win32.ActiveCfg = Debug|Win32
		{DE35AB82-994D-4613-84C3-15E3B1855626}.Debug|Win32.Build.0 = Debug|Win32
		{DE35AB82-994D-4613-84C3-15E3B1855626}.Release|Win32.ActiveCfg = Release|Win32
		{DE35AB82-994D-4613-84C3-15E3B1855626}.Release|Win32.Build.0 = Release|Win32
		{6A514D8B-2EF8-419C-964D-8007B863B3EE}.Debug|Win32.ActiveCfg = Debug|Win32
		{6A514D8B-2EF8-419C-964D-8007B863B3EE}.Debug|Win32.Build.0 = Debug|Win32
		{6A514D8B-2EF8-419C-964D-8007B863B3EE}.Release|Win32.ActiveCfg = Release|Win32
		{6A514D8B-2EF8-419C-964D-8007B863B3EE}.Release|Win32.Build.0 = Release|Win32
		{A7839461-B97A-49A8-8A62-8722EBBD24DC}.Debug|Win32.ActiveCfg = Debug|Win32
		{A7839461-B97A-49A8-8A62-8722EBBD24DC}.Debug|Win32.Build.0 = Debug|Win32
		{A7839461-B97A-49A8-8A62-8722EBBD24DC}.Release|Win32.ActiveCfg = Release|Win32
		{A7839461-B97A-49A8-8A62-8722EBBD24DC}.Release|Win32.Build.0 = Release|Win32
	EndGlobalSection
	GlobalSection(SolutionProperties) = preSolution
		HideSolutionNode = FALSE
	EndGlobalSection
	GlobalSection(NestedProjects) = preSolution
		{2238F342-2C3C-437E-9E49-46C416232693} = {80757C55-D493-45BB-8A67-CF982FBB74C1}
		{7A3C1D93-92B4-439D-A54D-21AE877959A3} = {331D91ED-DACE-4FB9-B9EB-89D19282B13F}
		{8864FA82-EAB1-400C-B5A7-0C1F836FCE16} = {321CDFD3-2FA3-42A1-9858-02F1774AFC26}
		{90719C6D-F57F-4F8B-9E97-E2B8C71FED6B} = {331D91ED-DACE-4FB9-B9EB-89D19282B13F}
		{5578CCE9-E64A-4AA5-BE9C-DADBFFBB19BA} = {331D91ED-DACE-4FB9-B9EB-89D19282B13F}
		{315F5A4D-0407-4FC5-BFCA-77BB5D5ED3E8} = {321CDFD3-2FA3-42A1-9858-02F1774AFC26}
		{26F23356-D378-46B1-9D05-E1568FB3C2A5} = {244B128D-1314-47AC-874D-4F947F164A23}
		{EC21CFB7-BE06-4929-8219-B86D06058699} = {244B128D-1314-47AC-874D-4F947F164A23}
		{D0C81410-EAE4-44C8-A976-E802D0C10FEF} = {244B128D-1314-47AC-874D-4F947F164A23}
		{65E40DB4-6971-4EE5-93D3-E6AB436086FF} = {244B128D-1314-47AC-874D-4F947F164A23}
		{C38CBE75-4BF4-4123-91C6-A540CFE614E8} = {205CEBB5-5A7C-4F81-906A-021EF1F14E10}
		{3006BA96-A373-45F4-AB68-A6C1FD5A78C2} = {205CEBB5-5A7C-4F81-906A-021EF1F14E10}
		{B8461CF1-2B89-455B-AA6E-44BA12644333} = {205CEBB5-5A7C-4F81-906A-021EF1F14E10}
		{E029FB29-6651-4775-B646-2AF4C2A34DED} = {321CDFD3-2FA3-42A1-9858-02F1774AFC26}
		{A5618CD7-3379-4776-8A8D-E205B2B1067C} = {321CDFD3-2FA3-42A1-9858-02F1774AFC26}
		{00B25107-382D-4820-81BD-744092F2F0B8} = {43D9FF40-36DE-439F-A96D-21A6407CB099}
		{33DD8FFB-9311-47E5-B5DA-935D9D8A32CA} = {43D9FF40-36DE-439F-A96D-21A6407CB099}
		{97CE374D-8912-49E7-AD30-5517A78348DB} = {DC1BA35B-E0F8-4D19-873D-FA77C31DA92F}
		{1F541EC2-760C-4B6F-B1CA-5BB8318B6324} = {DC1BA35B-E0F8-4D19-873D-FA77C31DA92F}
		{F7194869-0AF0-4DC7-B410-6A5A929B3D23} = {DC1BA35B-E0F8-4D19-873D-FA77C31DA92F}
		{8821F516-7E3E-43C0-8D1F-7D35CEB1F7A7} = {DC1BA35B-E0F8-4D19-873D-FA77C31DA92F}
		{847F6279-2081-4113-BF99-52AFBF1D5C9C} = {331D91ED-DACE-4FB9-B9EB-89D19282B13F}
		{030B6AE9-A1F4-4942-AB11-68708EB5C0A9} = {331D91ED-DACE-4FB9-B9EB-89D19282B13F}
		{DFC7FCB7-8465-4AFA-B21B-F35D3D384DA3} = {331D91ED-DACE-4FB9-B9EB-89D19282B13F}
		{9C3842BC-E862-41C3-89D9-5F26F7EB2A15} = {331D91ED-DACE-4FB9-B9EB-89D19282B13F}
		{10D30B34-EDA0-43A8-8726-5E76279FD337} = {331D91ED-DACE-4FB9-B9EB-89D19282B13F}
		{DE35AB82-994D-4613-84C3-15E3B1855626} = {331D91ED-DACE-4FB9-B9EB-89D19282B13F}
		{6A514D8B-2EF8-419C-964D-8007B863B3EE} = {5F9B9CDD-D604-45AE-860E-209E5C3E6436}
		{A7839461-B97A-49A8-8A62-8722EBBD24DC} = {5F9B9CDD-D604-45AE-860E-209E5C3E6436}
	EndGlobalSection
EndGlobal
